// !$*UTF8*$!
{
	archiveVersion = 1;
	classes = {
	};
	objectVersion = 52;
	objects = {

/* Begin PBXBuildFile section */
		CEECC65826F47DFD00358ABE /* AppDelegate.swift in Sources */ = {isa = PBXBuildFile; fileRef = CEECC65726F47DFD00358ABE /* AppDelegate.swift */; };
		CEECC65A26F47DFD00358ABE /* SceneDelegate.swift in Sources */ = {isa = PBXBuildFile; fileRef = CEECC65926F47DFD00358ABE /* SceneDelegate.swift */; };
		CEECC65C26F47DFD00358ABE /* ContentView.swift in Sources */ = {isa = PBXBuildFile; fileRef = CEECC65B26F47DFD00358ABE /* ContentView.swift */; };
		CEECC65E26F47DFD00358ABE /* Assets.xcassets in Resources */ = {isa = PBXBuildFile; fileRef = CEECC65D26F47DFD00358ABE /* Assets.xcassets */; };
		CEECC66126F47DFD00358ABE /* Preview Assets.xcassets in Resources */ = {isa = PBXBuildFile; fileRef = CEECC66026F47DFD00358ABE /* Preview Assets.xcassets */; };
		CEECC66426F47DFD00358ABE /* LaunchScreen.storyboard in Resources */ = {isa = PBXBuildFile; fileRef = CEECC66226F47DFD00358ABE /* LaunchScreen.storyboard */; };
		CEECC66F26F492D800358ABE /* Alamofire in Frameworks */ = {isa = PBXBuildFile; productRef = CEECC66E26F492D800358ABE /* Alamofire */; };
		CEECC67326F4935C00358ABE /* SwiftyJSON in Frameworks */ = {isa = PBXBuildFile; productRef = CEECC67226F4935C00358ABE /* SwiftyJSON */; };
/* End PBXBuildFile section */

/* Begin PBXFileReference section */
		CEECC65426F47DFD00358ABE /* Pogoda.app */ = {isa = PBXFileReference; explicitFileType = wrapper.application; includeInIndex = 0; path = Pogoda.app; sourceTree = BUILT_PRODUCTS_DIR; };
		CEECC65726F47DFD00358ABE /* AppDelegate.swift */ = {isa = PBXFileReference; lastKnownFileType = sourcecode.swift; path = AppDelegate.swift; sourceTree = "<group>"; };
		CEECC65926F47DFD00358ABE /* SceneDelegate.swift */ = {isa = PBXFileReference; lastKnownFileType = sourcecode.swift; path = SceneDelegate.swift; sourceTree = "<group>"; };
		CEECC65B26F47DFD00358ABE /* ContentView.swift */ = {isa = PBXFileReference; lastKnownFileType = sourcecode.swift; path = ContentView.swift; sourceTree = "<group>"; };
		CEECC65D26F47DFD00358ABE /* Assets.xcassets */ = {isa = PBXFileReference; lastKnownFileType = folder.assetcatalog; path = Assets.xcassets; sourceTree = "<group>"; };
		CEECC66026F47DFD00358ABE /* Preview Assets.xcassets */ = {isa = PBXFileReference; lastKnownFileType = folder.assetcatalog; path = "Preview Assets.xcassets"; sourceTree = "<group>"; };
		CEECC66326F47DFD00358ABE /* Base */ = {isa = PBXFileReference; lastKnownFileType = file.storyboard; name = Base; path = Base.lproj/LaunchScreen.storyboard; sourceTree = "<group>"; };
		CEECC66526F47DFD00358ABE /* Info.plist */ = {isa = PBXFileReference; lastKnownFileType = text.plist.xml; path = Info.plist; sourceTree = "<group>"; };
/* End PBXFileReference section */

/* Begin PBXFrameworksBuildPhase section */
		CEECC65126F47DFD00358ABE /* Frameworks */ = {
			isa = PBXFrameworksBuildPhase;
			buildActionMask = 2147483647;
			files = (
				CEECC67326F4935C00358ABE /* SwiftyJSON in Frameworks */,
				CEECC66F26F492D800358ABE /* Alamofire in Frameworks */,
			);
			runOnlyForDeploymentPostprocessing = 0;
		};
/* End PBXFrameworksBuildPhase section */

/* Begin PBXGroup section */
		CEECC64B26F47DFD00358ABE = {
			isa = PBXGroup;
			children = (
				CEECC65626F47DFD00358ABE /* Pogoda */,
				CEECC65526F47DFD00358ABE /* Products */,
			);
			sourceTree = "<group>";
		};
		CEECC65526F47DFD00358ABE /* Products */ = {
			isa = PBXGroup;
			children = (
				CEECC65426F47DFD00358ABE /* Pogoda.app */,
			);
			name = Products;
			sourceTree = "<group>";
		};
		CEECC65626F47DFD00358ABE /* Pogoda */ = {
			isa = PBXGroup;
			children = (
				CEECC65726F47DFD00358ABE /* AppDelegate.swift */,
				CEECC65926F47DFD00358ABE /* SceneDelegate.swift */,
				CEECC65B26F47DFD00358ABE /* ContentView.swift */,
				CEECC65D26F47DFD00358ABE /* Assets.xcassets */,
				CEECC66226F47DFD00358ABE /* LaunchScreen.storyboard */,
				CEECC66526F47DFD00358ABE /* Info.plist */,
				CEECC65F26F47DFD00358ABE /* Preview Content */,
			);
			path = Pogoda;
			sourceTree = "<group>";
		};
		CEECC65F26F47DFD00358ABE /* Preview Content */ = {
			isa = PBXGroup;
			children = (
				CEECC66026F47DFD00358ABE /* Preview Assets.xcassets */,
			);
			path = "Preview Content";
			sourceTree = "<group>";
		};
/* End PBXGroup section */

/* Begin PBXNativeTarget section */
		CEECC65326F47DFD00358ABE /* Pogoda */ = {
			isa = PBXNativeTarget;
			buildConfigurationList = CEECC66826F47DFD00358ABE /* Build configuration list for PBXNativeTarget "Pogoda" */;
			buildPhases = (
				CEECC65026F47DFD00358ABE /* Sources */,
				CEECC65126F47DFD00358ABE /* Frameworks */,
				CEECC65226F47DFD00358ABE /* Resources */,
			);
			buildRules = (
			);
			dependencies = (
			);
			name = Pogoda;
			packageProductDependencies = (
				CEECC66E26F492D800358ABE /* Alamofire */,
				CEECC67226F4935C00358ABE /* SwiftyJSON */,
			);
			productName = Pogoda;
			productReference = CEECC65426F47DFD00358ABE /* Pogoda.app */;
			productType = "com.apple.product-type.application";
		};
/* End PBXNativeTarget section */

/* Begin PBXProject section */
		CEECC64C26F47DFD00358ABE /* Project object */ = {
			isa = PBXProject;
			attributes = {
				LastSwiftUpdateCheck = 1240;
				LastUpgradeCheck = 1240;
				TargetAttributes = {
					CEECC65326F47DFD00358ABE = {
						CreatedOnToolsVersion = 12.4;
					};
				};
			};
			buildConfigurationList = CEECC64F26F47DFD00358ABE /* Build configuration list for PBXProject "Pogoda" */;
			compatibilityVersion = "Xcode 9.3";
			developmentRegion = en;
			hasScannedForEncodings = 0;
			knownRegions = (
				en,
				Base,
			);
			mainGroup = CEECC64B26F47DFD00358ABE;
			packageReferences = (
				CEECC66D26F492D800358ABE /* XCRemoteSwiftPackageReference "Alamofire" */,
				CEECC67126F4935C00358ABE /* XCRemoteSwiftPackageReference "SwiftyJSON" */,
			);
			productRefGroup = CEECC65526F47DFD00358ABE /* Products */;
			projectDirPath = "";
			projectRoot = "";
			targets = (
				CEECC65326F47DFD00358ABE /* Pogoda */,
			);
		};
/* End PBXProject section */

/* Begin PBXResourcesBuildPhase section */
		CEECC65226F47DFD00358ABE /* Resources */ = {
			isa = PBXResourcesBuildPhase;
			buildActionMask = 2147483647;
			files = (
				CEECC66426F47DFD00358ABE /* LaunchScreen.storyboard in Resources */,
				CEECC66126F47DFD00358ABE /* Preview Assets.xcassets in Resources */,
				CEECC65E26F47DFD00358ABE /* Assets.xcassets in Resources */,
			);
			runOnlyForDeploymentPostprocessing = 0;
		};
/* End PBXResourcesBuildPhase section */

/* Begin PBXSourcesBuildPhase section */
		CEECC65026F47DFD00358ABE /* Sources */ = {
			isa = PBXSourcesBuildPhase;
			buildActionMask = 2147483647;
			files = (
				CEECC65826F47DFD00358ABE /* AppDelegate.swift in Sources */,
				CEECC65A26F47DFD00358ABE /* SceneDelegate.swift in Sources */,
				CEECC65C26F47DFD00358ABE /* ContentView.swift in Sources */,
			);
			runOnlyForDeploymentPostprocessing = 0;
		};
/* End PBXSourcesBuildPhase section */

/* Begin PBXVariantGroup section */
		CEECC66226F47DFD00358ABE /* LaunchScreen.storyboard */ = {
			isa = PBXVariantGroup;
			children = (
				CEECC66326F47DFD00358ABE /* Base */,
			);
			name = LaunchScreen.storyboard;
			sourceTree = "<group>";
		};
/* End PBXVariantGroup section */

/* Begin XCBuildConfiguration section */
		CEECC66626F47DFD00358ABE /* Debug */ = {
			isa = XCBuildConfiguration;
			buildSettings = {
				ALWAYS_SEARCH_USER_PATHS = NO;
				CLANG_ANALYZER_NONNULL = YES;
				CLANG_ANALYZER_NUMBER_OBJECT_CONVERSION = YES_AGGRESSIVE;
				CLANG_CXX_LANGUAGE_STANDARD = "gnu++14";
				CLANG_CXX_LIBRARY = "libc++";
				CLANG_ENABLE_MODULES = YES;
				CLANG_ENABLE_OBJC_ARC = YES;
				CLANG_ENABLE_OBJC_WEAK = YES;
				CLANG_WARN_BLOCK_CAPTURE_AUTORELEASING = YES;
				CLANG_WARN_BOOL_CONVERSION = YES;
				CLANG_WARN_COMMA = YES;
				CLANG_WARN_CONSTANT_CONVERSION = YES;
				CLANG_WARN_DEPRECATED_OBJC_IMPLEMENTATIONS = YES;
				CLANG_WARN_DIRECT_OBJC_ISA_USAGE = YES_ERROR;
				CLANG_WARN_DOCUMENTATION_COMMENTS = YES;
				CLANG_WARN_EMPTY_BODY = YES;
				CLANG_WARN_ENUM_CONVERSION = YES;
				CLANG_WARN_INFINITE_RECURSION = YES;
				CLANG_WARN_INT_CONVERSION = YES;
				CLANG_WARN_NON_LITERAL_NULL_CONVERSION = YES;
				CLANG_WARN_OBJC_IMPLICIT_RETAIN_SELF = YES;
				CLANG_WARN_OBJC_LITERAL_CONVERSION = YES;
				CLANG_WARN_OBJC_ROOT_CLASS = YES_ERROR;
				CLANG_WARN_QUOTED_INCLUDE_IN_FRAMEWORK_HEADER = YES;
				CLANG_WARN_RANGE_LOOP_ANALYSIS = YES;
				CLANG_WARN_STRICT_PROTOTYPES = YES;
				CLANG_WARN_SUSPICIOUS_MOVE = YES;
				CLANG_WARN_UNGUARDED_AVAILABILITY = YES_AGGRESSIVE;
				CLANG_WARN_UNREACHABLE_CODE = YES;
				CLANG_WARN__DUPLICATE_METHOD_MATCH = YES;
				COPY_PHASE_STRIP = NO;
				DEBUG_INFORMATION_FORMAT = dwarf;
				ENABLE_STRICT_OBJC_MSGSEND = YES;
				ENABLE_TESTABILITY = YES;
				GCC_C_LANGUAGE_STANDARD = gnu11;
				GCC_DYNAMIC_NO_PIC = NO;
				GCC_NO_COMMON_BLOCKS = YES;
				GCC_OPTIMIZATION_LEVEL = 0;
				GCC_PREPROCESSOR_DEFINITIONS = (
					"DEBUG=1",
					"$(inherited)",
				);
				GCC_WARN_64_TO_32_BIT_CONVERSION = YES;
				GCC_WARN_ABOUT_RETURN_TYPE = YES_ERROR;
				GCC_WARN_UNDECLARED_SELECTOR = YES;
				GCC_WARN_UNINITIALIZED_AUTOS = YES_AGGRESSIVE;
				GCC_WARN_UNUSED_FUNCTION = YES;
				GCC_WARN_UNUSED_VARIABLE = YES;
				IPHONEOS_DEPLOYMENT_TARGET = 14.4;
				MTL_ENABLE_DEBUG_INFO = INCLUDE_SOURCE;
				MTL_FAST_MATH = YES;
				ONLY_ACTIVE_ARCH = YES;
				SDKROOT = iphoneos;
				SWIFT_ACTIVE_COMPILATION_CONDITIONS = DEBUG;
				SWIFT_OPTIMIZATION_LEVEL = "-Onone";
			};
			name = Debug;
		};
		CEECC66726F47DFD00358ABE /* Release */ = {
			isa = XCBuildConfiguration;
			buildSettings = {
				ALWAYS_SEARCH_USER_PATHS = NO;
				CLANG_ANALYZER_NONNULL = YES;
				CLANG_ANALYZER_NUMBER_OBJECT_CONVERSION = YES_AGGRESSIVE;
				CLANG_CXX_LANGUAGE_STANDARD = "gnu++14";
				CLANG_CXX_LIBRARY = "libc++";
				CLANG_ENABLE_MODULES = YES;
				CLANG_ENABLE_OBJC_ARC = YES;
				CLANG_ENABLE_OBJC_WEAK = YES;
				CLANG_WARN_BLOCK_CAPTURE_AUTORELEASING = YES;
				CLANG_WARN_BOOL_CONVERSION = YES;
				CLANG_WARN_COMMA = YES;
				CLANG_WARN_CONSTANT_CONVERSION = YES;
				CLANG_WARN_DEPRECATED_OBJC_IMPLEMENTATIONS = YES;
				CLANG_WARN_DIRECT_OBJC_ISA_USAGE = YES_ERROR;
				CLANG_WARN_DOCUMENTATION_COMMENTS = YES;
				CLANG_WARN_EMPTY_BODY = YES;
				CLANG_WARN_ENUM_CONVERSION = YES;
				CLANG_WARN_INFINITE_RECURSION = YES;
				CLANG_WARN_INT_CONVERSION = YES;
				CLANG_WARN_NON_LITERAL_NULL_CONVERSION = YES;
				CLANG_WARN_OBJC_IMPLICIT_RETAIN_SELF = YES;
				CLANG_WARN_OBJC_LITERAL_CONVERSION = YES;
				CLANG_WARN_OBJC_ROOT_CLASS = YES_ERROR;
				CLANG_WARN_QUOTED_INCLUDE_IN_FRAMEWORK_HEADER = YES;
				CLANG_WARN_RANGE_LOOP_ANALYSIS = YES;
				CLANG_WARN_STRICT_PROTOTYPES = YES;
				CLANG_WARN_SUSPICIOUS_MOVE = YES;
				CLANG_WARN_UNGUARDED_AVAILABILITY = YES_AGGRESSIVE;
				CLANG_WARN_UNREACHABLE_CODE = YES;
				CLANG_WARN__DUPLICATE_METHOD_MATCH = YES;
				COPY_PHASE_STRIP = NO;
				DEBUG_INFORMATION_FORMAT = "dwarf-with-dsym";
				ENABLE_NS_ASSERTIONS = NO;
				ENABLE_STRICT_OBJC_MSGSEND = YES;
				GCC_C_LANGUAGE_STANDARD = gnu11;
				GCC_NO_COMMON_BLOCKS = YES;
				GCC_WARN_64_TO_32_BIT_CONVERSION = YES;
				GCC_WARN_ABOUT_RETURN_TYPE = YES_ERROR;
				GCC_WARN_UNDECLARED_SELECTOR = YES;
				GCC_WARN_UNINITIALIZED_AUTOS = YES_AGGRESSIVE;
				GCC_WARN_UNUSED_FUNCTION = YES;
				GCC_WARN_UNUSED_VARIABLE = YES;
				IPHONEOS_DEPLOYMENT_TARGET = 14.4;
				MTL_ENABLE_DEBUG_INFO = NO;
				MTL_FAST_MATH = YES;
				SDKROOT = iphoneos;
				SWIFT_COMPILATION_MODE = wholemodule;
				SWIFT_OPTIMIZATION_LEVEL = "-O";
				VALIDATE_PRODUCT = YES;
			};
			name = Release;
		};
		CEECC66926F47DFD00358ABE /* Debug */ = {
			isa = XCBuildConfiguration;
			buildSettings = {
				ASSETCATALOG_COMPILER_APPICON_NAME = AppIcon;
				ASSETCATALOG_COMPILER_GLOBAL_ACCENT_COLOR_NAME = AccentColor;
				CODE_SIGN_STYLE = Automatic;
				DEVELOPMENT_ASSET_PATHS = "\"Pogoda/Preview Content\"";
				ENABLE_PREVIEWS = YES;
				INFOPLIST_FILE = Pogoda/Info.plist;
				LD_RUNPATH_SEARCH_PATHS = (
					"$(inherited)",
					"@executable_path/Frameworks",
				);
				PRODUCT_BUNDLE_IDENTIFIER = kovalev.ru.Pogoda;
				PRODUCT_NAME = "$(TARGET_NAME)";
				SWIFT_VERSION = 5.0;
				TARGETED_DEVICE_FAMILY = "1,2";
			};
			name = Debug;
		};
		CEECC66A26F47DFD00358ABE /* Release */ = {
			isa = XCBuildConfiguration;
			buildSettings = {
				ASSETCATALOG_COMPILER_APPICON_NAME = AppIcon;
				ASSETCATALOG_COMPILER_GLOBAL_ACCENT_COLOR_NAME = AccentColor;
				CODE_SIGN_STYLE = Automatic;
				DEVELOPMENT_ASSET_PATHS = "\"Pogoda/Preview Content\"";
				ENABLE_PREVIEWS = YES;
				INFOPLIST_FILE = Pogoda/Info.plist;
				LD_RUNPATH_SEARCH_PATHS = (
					"$(inherited)",
					"@executable_path/Frameworks",
				);
				PRODUCT_BUNDLE_IDENTIFIER = kovalev.ru.Pogoda;
				PRODUCT_NAME = "$(TARGET_NAME)";
				SWIFT_VERSION = 5.0;
				TARGETED_DEVICE_FAMILY = "1,2";
			};
			name = Release;
		};
/* End XCBuildConfiguration section */

/* Begin XCConfigurationList section */
		CEECC64F26F47DFD00358ABE /* Build configuration list for PBXProject "Pogoda" */ = {
			isa = XCConfigurationList;
			buildConfigurations = (
				CEECC66626F47DFD00358ABE /* Debug */,
				CEECC66726F47DFD00358ABE /* Release */,
			);
			defaultConfigurationIsVisible = 0;
			defaultConfigurationName = Release;
		};
		CEECC66826F47DFD00358ABE /* Build configuration list for PBXNativeTarget "Pogoda" */ = {
			isa = XCConfigurationList;
			buildConfigurations = (
				CEECC66926F47DFD00358ABE /* Debug */,
				CEECC66A26F47DFD00358ABE /* Release */,
			);
			defaultConfigurationIsVisible = 0;
			defaultConfigurationName = Release;
		};
/* End XCConfigurationList section */

/* Begin XCRemoteSwiftPackageReference section */
		CEECC66D26F492D800358ABE /* XCRemoteSwiftPackageReference "Alamofire" */ = {
			isa = XCRemoteSwiftPackageReference;
			repositoryURL = "https://github.com/Alamofire/Alamofire.git";
			requirement = {
				kind = upToNextMajorVersion;
				minimumVersion = 5.4.3;
			};
		};
		CEECC67126F4935C00358ABE /* XCRemoteSwiftPackageReference "SwiftyJSON" */ = {
			isa = XCRemoteSwiftPackageReference;
			repositoryURL = "https://github.com/SwiftyJSON/SwiftyJSON.git";
			requirement = {
				kind = upToNextMajorVersion;
				minimumVersion = 5.0.1;
			};
		};
/* End XCRemoteSwiftPackageReference section */

/* Begin XCSwiftPackageProductDependency section */
		CEECC66E26F492D800358ABE /* Alamofire */ = {
			isa = XCSwiftPackageProductDependency;
			package = CEECC66D26F492D800358ABE /* XCRemoteSwiftPackageReference "Alamofire" */;
			productName = Alamofire;
		};
		CEECC67226F4935C00358ABE /* SwiftyJSON */ = {
			isa = XCSwiftPackageProductDependency;
			package = CEECC67126F4935C00358ABE /* XCRemoteSwiftPackageReference "SwiftyJSON" */;
			productName = SwiftyJSON;
		};
/* End XCSwiftPackageProductDependency section */
	};
	rootObject = CEECC64C26F47DFD00358ABE /* Project object */;
}
